
Microsoft Visual Studio Solution File, Format Version 12.00
# Visual Studio 15
VisualStudioVersion = 15.0.27703.2018
MinimumVisualStudioVersion = 10.0.40219.1
Project("{888888A0-9F3D-457C-B088-3A5042F75D52}") = "O2O优惠券", "O2O优惠券\O2O优惠券.pyproj", "{5F633626-0911-458F-9DAD-1978FBD9CD80}"
EndProject
Global
	GlobalSection(SolutionConfigurationPlatforms) = preSolution
		Debug|Any CPU = Debug|Any CPU
		Release|Any CPU = Release|Any CPU
	EndGlobalSection
	GlobalSection(ProjectConfigurationPlatforms) = postSolution
		{5F633626-0911-458F-9DAD-1978FBD9CD80}.Debug|Any CPU.ActiveCfg = Debug|Any CPU
		{5F633626-0911-458F-9DAD-1978FBD9CD80}.Release|Any CPU.ActiveCfg = Release|Any CPU
	EndGlobalSection
	GlobalSection(SolutionProperties) = preSolution
		HideSolutionNode = FALSE
	EndGlobalSection
	GlobalSection(ExtensibilityGlobals) = postSolution
		SolutionGuid = {AC4E43F5-1089-451F-9CBC-FF79B796C34B}
	EndGlobalSection
EndGlobal
